// !$*UTF8*$!
{
	archiveVersion = 1;
	classes = {
	};
	objectVersion = 50;
	objects = {

/* Begin PBXBuildFile section */
		149F36F220F9A3B400A50F91 /* AppDelegate.swift in Sources */ = {isa = PBXBuildFile; fileRef = 149F36F120F9A3B400A50F91 /* AppDelegate.swift */; };
		149F36F420F9A3B400A50F91 /* ViewController.swift in Sources */ = {isa = PBXBuildFile; fileRef = 149F36F320F9A3B400A50F91 /* ViewController.swift */; };
		149F36F720F9A3B400A50F91 /* Main.storyboard in Resources */ = {isa = PBXBuildFile; fileRef = 149F36F520F9A3B400A50F91 /* Main.storyboard */; };
		149F36F920F9A3B500A50F91 /* Assets.xcassets in Resources */ = {isa = PBXBuildFile; fileRef = 149F36F820F9A3B500A50F91 /* Assets.xcassets */; };
		149F36FC20F9A3B500A50F91 /* LaunchScreen.storyboard in Resources */ = {isa = PBXBuildFile; fileRef = 149F36FA20F9A3B500A50F91 /* LaunchScreen.storyboard */; };
		14D7C72C210C634A00D1D27A /* Home.storyboard in Resources */ = {isa = PBXBuildFile; fileRef = 14D7C72B210C634A00D1D27A /* Home.storyboard */; };
		14D7C72E210C63A300D1D27A /* HomeViewController.swift in Sources */ = {isa = PBXBuildFile; fileRef = 14D7C72D210C63A300D1D27A /* HomeViewController.swift */; };
		14D7C730210C63F100D1D27A /* NSObject+.swift in Sources */ = {isa = PBXBuildFile; fileRef = 14D7C72F210C63F100D1D27A /* NSObject+.swift */; };
		A7E9ED683513B976997A056E /* Pods_Mosaic_iOS.framework in Frameworks */ = {isa = PBXBuildFile; fileRef = EF43132EF44163E754904A8C /* Pods_Mosaic_iOS.framework */; };
		FC97B08E20FC8C450011717A /* String+Size.swift in Sources */ = {isa = PBXBuildFile; fileRef = FC97B08220FC8C450011717A /* String+Size.swift */; };
		FC97B08F20FC8C450011717A /* UIApplication+topViewController.swift in Sources */ = {isa = PBXBuildFile; fileRef = FC97B08320FC8C450011717A /* UIApplication+topViewController.swift */; };
		FC97B09020FC8C450011717A /* NSObject+reuseIdentifier.swift in Sources */ = {isa = PBXBuildFile; fileRef = FC97B08420FC8C450011717A /* NSObject+reuseIdentifier.swift */; };
		FC97B09120FC8C450011717A /* String+NilOrEmpty.swift in Sources */ = {isa = PBXBuildFile; fileRef = FC97B08520FC8C450011717A /* String+NilOrEmpty.swift */; };
		FC97B09220FC8C450011717A /* UIAlertController+Show.swift in Sources */ = {isa = PBXBuildFile; fileRef = FC97B08620FC8C450011717A /* UIAlertController+Show.swift */; };
		FC97B09320FC8C450011717A /* TransparentNavBarService.swift in Sources */ = {isa = PBXBuildFile; fileRef = FC97B08820FC8C450011717A /* TransparentNavBarService.swift */; };
		FC97B09420FC8C450011717A /* GradientService.swift in Sources */ = {isa = PBXBuildFile; fileRef = FC97B08920FC8C450011717A /* GradientService.swift */; };
		FC97B09520FC8C450011717A /* TaCoSetUpService.swift in Sources */ = {isa = PBXBuildFile; fileRef = FC97B08A20FC8C450011717A /* TaCoSetUpService.swift */; };
		FC97B09620FC8C450011717A /* ShadowRoundService.swift in Sources */ = {isa = PBXBuildFile; fileRef = FC97B08B20FC8C450011717A /* ShadowRoundService.swift */; };
		FC97B09720FC8C450011717A /* EnumCollection.swift in Sources */ = {isa = PBXBuildFile; fileRef = FC97B08C20FC8C450011717A /* EnumCollection.swift */; };
		FC97B09820FC8C450011717A /* KeyboardControlService.swift in Sources */ = {isa = PBXBuildFile; fileRef = FC97B08D20FC8C450011717A /* KeyboardControlService.swift */; };
/* End PBXBuildFile section */

/* Begin PBXFileReference section */
		0BDE3E59604BC043720AD6A2 /* Pods-Mosaic_iOS.debug.xcconfig */ = {isa = PBXFileReference; includeInIndex = 1; lastKnownFileType = text.xcconfig; name = "Pods-Mosaic_iOS.debug.xcconfig"; path = "Pods/Target Support Files/Pods-Mosaic_iOS/Pods-Mosaic_iOS.debug.xcconfig"; sourceTree = "<group>"; };
		149F36EE20F9A3B400A50F91 /* Mosaic_iOS.app */ = {isa = PBXFileReference; explicitFileType = wrapper.application; includeInIndex = 0; path = Mosaic_iOS.app; sourceTree = BUILT_PRODUCTS_DIR; };
		149F36F120F9A3B400A50F91 /* AppDelegate.swift */ = {isa = PBXFileReference; lastKnownFileType = sourcecode.swift; path = AppDelegate.swift; sourceTree = "<group>"; };
		149F36F320F9A3B400A50F91 /* ViewController.swift */ = {isa = PBXFileReference; lastKnownFileType = sourcecode.swift; path = ViewController.swift; sourceTree = "<group>"; };
		149F36F620F9A3B400A50F91 /* Base */ = {isa = PBXFileReference; lastKnownFileType = file.storyboard; name = Base; path = Base.lproj/Main.storyboard; sourceTree = "<group>"; };
		149F36F820F9A3B500A50F91 /* Assets.xcassets */ = {isa = PBXFileReference; lastKnownFileType = folder.assetcatalog; path = Assets.xcassets; sourceTree = "<group>"; };
		149F36FB20F9A3B500A50F91 /* Base */ = {isa = PBXFileReference; lastKnownFileType = file.storyboard; name = Base; path = Base.lproj/LaunchScreen.storyboard; sourceTree = "<group>"; };
		149F36FD20F9A3B500A50F91 /* Info.plist */ = {isa = PBXFileReference; lastKnownFileType = text.plist.xml; path = Info.plist; sourceTree = "<group>"; };
		14D7C72B210C634A00D1D27A /* Home.storyboard */ = {isa = PBXFileReference; lastKnownFileType = file.storyboard; path = Home.storyboard; sourceTree = "<group>"; };
		14D7C72D210C63A300D1D27A /* HomeViewController.swift */ = {isa = PBXFileReference; lastKnownFileType = sourcecode.swift; path = HomeViewController.swift; sourceTree = "<group>"; };
		14D7C72F210C63F100D1D27A /* NSObject+.swift */ = {isa = PBXFileReference; lastKnownFileType = sourcecode.swift; path = "NSObject+.swift"; sourceTree = "<group>"; };
		8DD62099ADB2724A4F9EE03C /* Pods-Mosaic_iOS.release.xcconfig */ = {isa = PBXFileReference; includeInIndex = 1; lastKnownFileType = text.xcconfig; name = "Pods-Mosaic_iOS.release.xcconfig"; path = "Pods/Target Support Files/Pods-Mosaic_iOS/Pods-Mosaic_iOS.release.xcconfig"; sourceTree = "<group>"; };
		EF43132EF44163E754904A8C /* Pods_Mosaic_iOS.framework */ = {isa = PBXFileReference; explicitFileType = wrapper.framework; includeInIndex = 0; path = Pods_Mosaic_iOS.framework; sourceTree = BUILT_PRODUCTS_DIR; };
		FC97B08220FC8C450011717A /* String+Size.swift */ = {isa = PBXFileReference; fileEncoding = 4; lastKnownFileType = sourcecode.swift; path = "String+Size.swift"; sourceTree = "<group>"; };
		FC97B08320FC8C450011717A /* UIApplication+topViewController.swift */ = {isa = PBXFileReference; fileEncoding = 4; lastKnownFileType = sourcecode.swift; path = "UIApplication+topViewController.swift"; sourceTree = "<group>"; };
		FC97B08420FC8C450011717A /* NSObject+reuseIdentifier.swift */ = {isa = PBXFileReference; fileEncoding = 4; lastKnownFileType = sourcecode.swift; path = "NSObject+reuseIdentifier.swift"; sourceTree = "<group>"; };
		FC97B08520FC8C450011717A /* String+NilOrEmpty.swift */ = {isa = PBXFileReference; fileEncoding = 4; lastKnownFileType = sourcecode.swift; path = "String+NilOrEmpty.swift"; sourceTree = "<group>"; };
		FC97B08620FC8C450011717A /* UIAlertController+Show.swift */ = {isa = PBXFileReference; fileEncoding = 4; lastKnownFileType = sourcecode.swift; path = "UIAlertController+Show.swift"; sourceTree = "<group>"; };
		FC97B08820FC8C450011717A /* TransparentNavBarService.swift */ = {isa = PBXFileReference; fileEncoding = 4; lastKnownFileType = sourcecode.swift; path = TransparentNavBarService.swift; sourceTree = "<group>"; };
		FC97B08920FC8C450011717A /* GradientService.swift */ = {isa = PBXFileReference; fileEncoding = 4; lastKnownFileType = sourcecode.swift; path = GradientService.swift; sourceTree = "<group>"; };
		FC97B08A20FC8C450011717A /* TaCoSetUpService.swift */ = {isa = PBXFileReference; fileEncoding = 4; lastKnownFileType = sourcecode.swift; path = TaCoSetUpService.swift; sourceTree = "<group>"; };
		FC97B08B20FC8C450011717A /* ShadowRoundService.swift */ = {isa = PBXFileReference; fileEncoding = 4; lastKnownFileType = sourcecode.swift; path = ShadowRoundService.swift; sourceTree = "<group>"; };
		FC97B08C20FC8C450011717A /* EnumCollection.swift */ = {isa = PBXFileReference; fileEncoding = 4; lastKnownFileType = sourcecode.swift; path = EnumCollection.swift; sourceTree = "<group>"; };
		FC97B08D20FC8C450011717A /* KeyboardControlService.swift */ = {isa = PBXFileReference; fileEncoding = 4; lastKnownFileType = sourcecode.swift; path = KeyboardControlService.swift; sourceTree = "<group>"; };
/* End PBXFileReference section */

/* Begin PBXFrameworksBuildPhase section */
		149F36EB20F9A3B400A50F91 /* Frameworks */ = {
			isa = PBXFrameworksBuildPhase;
			buildActionMask = 2147483647;
			files = (
				A7E9ED683513B976997A056E /* Pods_Mosaic_iOS.framework in Frameworks */,
			);
			runOnlyForDeploymentPostprocessing = 0;
		};
/* End PBXFrameworksBuildPhase section */

/* Begin PBXGroup section */
		149F36E520F9A3B400A50F91 = {
			isa = PBXGroup;
			children = (
				149F36F020F9A3B400A50F91 /* Mosaic_iOS */,
				149F36EF20F9A3B400A50F91 /* Products */,
				2A1DD733E93678748ECE1BB3 /* Pods */,
				7B795FBBD61B114FA1164C1E /* Frameworks */,
			);
			sourceTree = "<group>";
		};
		149F36EF20F9A3B400A50F91 /* Products */ = {
			isa = PBXGroup;
			children = (
				149F36EE20F9A3B400A50F91 /* Mosaic_iOS.app */,
			);
			name = Products;
			sourceTree = "<group>";
		};
		149F36F020F9A3B400A50F91 /* Mosaic_iOS */ = {
			isa = PBXGroup;
			children = (
				149F36F120F9A3B400A50F91 /* AppDelegate.swift */,
				149F36FD20F9A3B500A50F91 /* Info.plist */,
				149F36F820F9A3B500A50F91 /* Assets.xcassets */,
				FC97B08120FC8C450011717A /* Extension */,
				FC97B08720FC8C450011717A /* Protocol */,
				FC97B07F20FC8BFD0011717A /* ViewController */,
				FC97B08020FC8C180011717A /* Storyboard */,
			);
			path = Mosaic_iOS;
			sourceTree = "<group>";
		};
		2A1DD733E93678748ECE1BB3 /* Pods */ = {
			isa = PBXGroup;
			children = (
				0BDE3E59604BC043720AD6A2 /* Pods-Mosaic_iOS.debug.xcconfig */,
				8DD62099ADB2724A4F9EE03C /* Pods-Mosaic_iOS.release.xcconfig */,
			);
			name = Pods;
			sourceTree = "<group>";
		};
		7B795FBBD61B114FA1164C1E /* Frameworks */ = {
			isa = PBXGroup;
			children = (
				EF43132EF44163E754904A8C /* Pods_Mosaic_iOS.framework */,
			);
			name = Frameworks;
			sourceTree = "<group>";
		};
		FC97B07F20FC8BFD0011717A /* ViewController */ = {
			isa = PBXGroup;
			children = (
				149F36F320F9A3B400A50F91 /* ViewController.swift */,
				14D7C72D210C63A300D1D27A /* HomeViewController.swift */,
			);
			path = ViewController;
			sourceTree = "<group>";
		};
		FC97B08020FC8C180011717A /* Storyboard */ = {
			isa = PBXGroup;
			children = (
				149F36FA20F9A3B500A50F91 /* LaunchScreen.storyboard */,
				149F36F520F9A3B400A50F91 /* Main.storyboard */,
				14D7C72B210C634A00D1D27A /* Home.storyboard */,
			);
			path = Storyboard;
			sourceTree = "<group>";
		};
		FC97B08120FC8C450011717A /* Extension */ = {
			isa = PBXGroup;
			children = (
				FC97B08220FC8C450011717A /* String+Size.swift */,
				FC97B08320FC8C450011717A /* UIApplication+topViewController.swift */,
				FC97B08420FC8C450011717A /* NSObject+reuseIdentifier.swift */,
				FC97B08520FC8C450011717A /* String+NilOrEmpty.swift */,
				FC97B08620FC8C450011717A /* UIAlertController+Show.swift */,
				14D7C72F210C63F100D1D27A /* NSObject+.swift */,
			);
			path = Extension;
			sourceTree = "<group>";
		};
		FC97B08720FC8C450011717A /* Protocol */ = {
			isa = PBXGroup;
			children = (
				FC97B08820FC8C450011717A /* TransparentNavBarService.swift */,
				FC97B08920FC8C450011717A /* GradientService.swift */,
				FC97B08A20FC8C450011717A /* TaCoSetUpService.swift */,
				FC97B08B20FC8C450011717A /* ShadowRoundService.swift */,
				FC97B08C20FC8C450011717A /* EnumCollection.swift */,
				FC97B08D20FC8C450011717A /* KeyboardControlService.swift */,
			);
			path = Protocol;
			sourceTree = "<group>";
		};
/* End PBXGroup section */

/* Begin PBXNativeTarget section */
		149F36ED20F9A3B400A50F91 /* Mosaic_iOS */ = {
			isa = PBXNativeTarget;
			buildConfigurationList = 149F370020F9A3B500A50F91 /* Build configuration list for PBXNativeTarget "Mosaic_iOS" */;
			buildPhases = (
				9D50018396F3FC3ADDDBDC41 /* [CP] Check Pods Manifest.lock */,
				149F36EA20F9A3B400A50F91 /* Sources */,
				149F36EB20F9A3B400A50F91 /* Frameworks */,
				149F36EC20F9A3B400A50F91 /* Resources */,
				5A314E613903B2493BFF7655 /* [CP] Embed Pods Frameworks */,
			);
			buildRules = (
			);
			dependencies = (
			);
			name = Mosaic_iOS;
			productName = Mosaic_iOS;
			productReference = 149F36EE20F9A3B400A50F91 /* Mosaic_iOS.app */;
			productType = "com.apple.product-type.application";
		};
/* End PBXNativeTarget section */

/* Begin PBXProject section */
		149F36E620F9A3B400A50F91 /* Project object */ = {
			isa = PBXProject;
			attributes = {
				LastSwiftUpdateCheck = 0940;
				LastUpgradeCheck = 0940;
				ORGANIZATIONNAME = Zedd;
				TargetAttributes = {
					149F36ED20F9A3B400A50F91 = {
						CreatedOnToolsVersion = 9.4.1;
					};
				};
			};
			buildConfigurationList = 149F36E920F9A3B400A50F91 /* Build configuration list for PBXProject "Mosaic_iOS" */;
			compatibilityVersion = "Xcode 9.3";
			developmentRegion = en;
			hasScannedForEncodings = 0;
			knownRegions = (
				en,
				Base,
			);
			mainGroup = 149F36E520F9A3B400A50F91;
			productRefGroup = 149F36EF20F9A3B400A50F91 /* Products */;
			projectDirPath = "";
			projectRoot = "";
			targets = (
				149F36ED20F9A3B400A50F91 /* Mosaic_iOS */,
			);
		};
/* End PBXProject section */

/* Begin PBXResourcesBuildPhase section */
		149F36EC20F9A3B400A50F91 /* Resources */ = {
			isa = PBXResourcesBuildPhase;
			buildActionMask = 2147483647;
			files = (
				149F36FC20F9A3B500A50F91 /* LaunchScreen.storyboard in Resources */,
				149F36F920F9A3B500A50F91 /* Assets.xcassets in Resources */,
				149F36F720F9A3B400A50F91 /* Main.storyboard in Resources */,
				14D7C72C210C634A00D1D27A /* Home.storyboard in Resources */,
			);
			runOnlyForDeploymentPostprocessing = 0;
		};
/* End PBXResourcesBuildPhase section */

/* Begin PBXShellScriptBuildPhase section */
		5A314E613903B2493BFF7655 /* [CP] Embed Pods Frameworks */ = {
			isa = PBXShellScriptBuildPhase;
			buildActionMask = 2147483647;
			files = (
			);
			inputPaths = (
				"${SRCROOT}/Pods/Target Support Files/Pods-Mosaic_iOS/Pods-Mosaic_iOS-frameworks.sh",
				"${BUILT_PRODUCTS_DIR}/Alamofire/Alamofire.framework",
				"${BUILT_PRODUCTS_DIR}/Moya/Moya.framework",
				"${BUILT_PRODUCTS_DIR}/Result/Result.framework",
			);
			name = "[CP] Embed Pods Frameworks";
			outputPaths = (
				"${TARGET_BUILD_DIR}/${FRAMEWORKS_FOLDER_PATH}/Alamofire.framework",
				"${TARGET_BUILD_DIR}/${FRAMEWORKS_FOLDER_PATH}/Moya.framework",
				"${TARGET_BUILD_DIR}/${FRAMEWORKS_FOLDER_PATH}/Result.framework",
			);
			runOnlyForDeploymentPostprocessing = 0;
			shellPath = /bin/sh;
			shellScript = "\"${SRCROOT}/Pods/Target Support Files/Pods-Mosaic_iOS/Pods-Mosaic_iOS-frameworks.sh\"\n";
			showEnvVarsInLog = 0;
		};
		9D50018396F3FC3ADDDBDC41 /* [CP] Check Pods Manifest.lock */ = {
			isa = PBXShellScriptBuildPhase;
			buildActionMask = 2147483647;
			files = (
			);
			inputPaths = (
				"${PODS_PODFILE_DIR_PATH}/Podfile.lock",
				"${PODS_ROOT}/Manifest.lock",
			);
			name = "[CP] Check Pods Manifest.lock";
			outputPaths = (
				"$(DERIVED_FILE_DIR)/Pods-Mosaic_iOS-checkManifestLockResult.txt",
			);
			runOnlyForDeploymentPostprocessing = 0;
			shellPath = /bin/sh;
			shellScript = "diff \"${PODS_PODFILE_DIR_PATH}/Podfile.lock\" \"${PODS_ROOT}/Manifest.lock\" > /dev/null\nif [ $? != 0 ] ; then\n    # print error to STDERR\n    echo \"error: The sandbox is not in sync with the Podfile.lock. Run 'pod install' or update your CocoaPods installation.\" >&2\n    exit 1\nfi\n# This output is used by Xcode 'outputs' to avoid re-running this script phase.\necho \"SUCCESS\" > \"${SCRIPT_OUTPUT_FILE_0}\"\n";
			showEnvVarsInLog = 0;
		};
/* End PBXShellScriptBuildPhase section */

/* Begin PBXSourcesBuildPhase section */
		149F36EA20F9A3B400A50F91 /* Sources */ = {
			isa = PBXSourcesBuildPhase;
			buildActionMask = 2147483647;
			files = (
				FC97B09020FC8C450011717A /* NSObject+reuseIdentifier.swift in Sources */,
				FC97B09120FC8C450011717A /* String+NilOrEmpty.swift in Sources */,
				FC97B09520FC8C450011717A /* TaCoSetUpService.swift in Sources */,
				149F36F420F9A3B400A50F91 /* ViewController.swift in Sources */,
				FC97B08E20FC8C450011717A /* String+Size.swift in Sources */,
				14D7C72E210C63A300D1D27A /* HomeViewController.swift in Sources */,
				FC97B09420FC8C450011717A /* GradientService.swift in Sources */,
				FC97B09620FC8C450011717A /* ShadowRoundService.swift in Sources */,
				149F36F220F9A3B400A50F91 /* AppDelegate.swift in Sources */,
				FC97B09720FC8C450011717A /* EnumCollection.swift in Sources */,
				14D7C730210C63F100D1D27A /* NSObject+.swift in Sources */,
				FC97B08F20FC8C450011717A /* UIApplication+topViewController.swift in Sources */,
				FC97B09320FC8C450011717A /* TransparentNavBarService.swift in Sources */,
				FC97B09820FC8C450011717A /* KeyboardControlService.swift in Sources */,
				FC97B09220FC8C450011717A /* UIAlertController+Show.swift in Sources */,
			);
			runOnlyForDeploymentPostprocessing = 0;
		};
/* End PBXSourcesBuildPhase section */

/* Begin PBXVariantGroup section */
		149F36F520F9A3B400A50F91 /* Main.storyboard */ = {
			isa = PBXVariantGroup;
			children = (
				149F36F620F9A3B400A50F91 /* Base */,
			);
			name = Main.storyboard;
			sourceTree = "<group>";
		};
		149F36FA20F9A3B500A50F91 /* LaunchScreen.storyboard */ = {
			isa = PBXVariantGroup;
			children = (
				149F36FB20F9A3B500A50F91 /* Base */,
			);
			name = LaunchScreen.storyboard;
			sourceTree = "<group>";
		};
/* End PBXVariantGroup section */

/* Begin XCBuildConfiguration section */
		149F36FE20F9A3B500A50F91 /* Debug */ = {
			isa = XCBuildConfiguration;
			buildSettings = {
				ALWAYS_SEARCH_USER_PATHS = NO;
				CLANG_ANALYZER_NONNULL = YES;
				CLANG_ANALYZER_NUMBER_OBJECT_CONVERSION = YES_AGGRESSIVE;
				CLANG_CXX_LANGUAGE_STANDARD = "gnu++14";
				CLANG_CXX_LIBRARY = "libc++";
				CLANG_ENABLE_MODULES = YES;
				CLANG_ENABLE_OBJC_ARC = YES;
				CLANG_ENABLE_OBJC_WEAK = YES;
				CLANG_WARN_BLOCK_CAPTURE_AUTORELEASING = YES;
				CLANG_WARN_BOOL_CONVERSION = YES;
				CLANG_WARN_COMMA = YES;
				CLANG_WARN_CONSTANT_CONVERSION = YES;
				CLANG_WARN_DEPRECATED_OBJC_IMPLEMENTATIONS = YES;
				CLANG_WARN_DIRECT_OBJC_ISA_USAGE = YES_ERROR;
				CLANG_WARN_DOCUMENTATION_COMMENTS = YES;
				CLANG_WARN_EMPTY_BODY = YES;
				CLANG_WARN_ENUM_CONVERSION = YES;
				CLANG_WARN_INFINITE_RECURSION = YES;
				CLANG_WARN_INT_CONVERSION = YES;
				CLANG_WARN_NON_LITERAL_NULL_CONVERSION = YES;
				CLANG_WARN_OBJC_IMPLICIT_RETAIN_SELF = YES;
				CLANG_WARN_OBJC_LITERAL_CONVERSION = YES;
				CLANG_WARN_OBJC_ROOT_CLASS = YES_ERROR;
				CLANG_WARN_RANGE_LOOP_ANALYSIS = YES;
				CLANG_WARN_STRICT_PROTOTYPES = YES;
				CLANG_WARN_SUSPICIOUS_MOVE = YES;
				CLANG_WARN_UNGUARDED_AVAILABILITY = YES_AGGRESSIVE;
				CLANG_WARN_UNREACHABLE_CODE = YES;
				CLANG_WARN__DUPLICATE_METHOD_MATCH = YES;
				CODE_SIGN_IDENTITY = "iPhone Developer";
				COPY_PHASE_STRIP = NO;
				DEBUG_INFORMATION_FORMAT = dwarf;
				ENABLE_STRICT_OBJC_MSGSEND = YES;
				ENABLE_TESTABILITY = YES;
				GCC_C_LANGUAGE_STANDARD = gnu11;
				GCC_DYNAMIC_NO_PIC = NO;
				GCC_NO_COMMON_BLOCKS = YES;
				GCC_OPTIMIZATION_LEVEL = 0;
				GCC_PREPROCESSOR_DEFINITIONS = (
					"DEBUG=1",
					"$(inherited)",
				);
				GCC_WARN_64_TO_32_BIT_CONVERSION = YES;
				GCC_WARN_ABOUT_RETURN_TYPE = YES_ERROR;
				GCC_WARN_UNDECLARED_SELECTOR = YES;
				GCC_WARN_UNINITIALIZED_AUTOS = YES_AGGRESSIVE;
				GCC_WARN_UNUSED_FUNCTION = YES;
				GCC_WARN_UNUSED_VARIABLE = YES;
				IPHONEOS_DEPLOYMENT_TARGET = 11.4;
				MTL_ENABLE_DEBUG_INFO = YES;
				ONLY_ACTIVE_ARCH = YES;
				SDKROOT = iphoneos;
				SWIFT_ACTIVE_COMPILATION_CONDITIONS = DEBUG;
				SWIFT_OPTIMIZATION_LEVEL = "-Onone";
			};
			name = Debug;
		};
		149F36FF20F9A3B500A50F91 /* Release */ = {
			isa = XCBuildConfiguration;
			buildSettings = {
				ALWAYS_SEARCH_USER_PATHS = NO;
				CLANG_ANALYZER_NONNULL = YES;
				CLANG_ANALYZER_NUMBER_OBJECT_CONVERSION = YES_AGGRESSIVE;
				CLANG_CXX_LANGUAGE_STANDARD = "gnu++14";
				CLANG_CXX_LIBRARY = "libc++";
				CLANG_ENABLE_MODULES = YES;
				CLANG_ENABLE_OBJC_ARC = YES;
				CLANG_ENABLE_OBJC_WEAK = YES;
				CLANG_WARN_BLOCK_CAPTURE_AUTORELEASING = YES;
				CLANG_WARN_BOOL_CONVERSION = YES;
				CLANG_WARN_COMMA = YES;
				CLANG_WARN_CONSTANT_CONVERSION = YES;
				CLANG_WARN_DEPRECATED_OBJC_IMPLEMENTATIONS = YES;
				CLANG_WARN_DIRECT_OBJC_ISA_USAGE = YES_ERROR;
				CLANG_WARN_DOCUMENTATION_COMMENTS = YES;
				CLANG_WARN_EMPTY_BODY = YES;
				CLANG_WARN_ENUM_CONVERSION = YES;
				CLANG_WARN_INFINITE_RECURSION = YES;
				CLANG_WARN_INT_CONVERSION = YES;
				CLANG_WARN_NON_LITERAL_NULL_CONVERSION = YES;
				CLANG_WARN_OBJC_IMPLICIT_RETAIN_SELF = YES;
				CLANG_WARN_OBJC_LITERAL_CONVERSION = YES;
				CLANG_WARN_OBJC_ROOT_CLASS = YES_ERROR;
				CLANG_WARN_RANGE_LOOP_ANALYSIS = YES;
				CLANG_WARN_STRICT_PROTOTYPES = YES;
				CLANG_WARN_SUSPICIOUS_MOVE = YES;
				CLANG_WARN_UNGUARDED_AVAILABILITY = YES_AGGRESSIVE;
				CLANG_WARN_UNREACHABLE_CODE = YES;
				CLANG_WARN__DUPLICATE_METHOD_MATCH = YES;
				CODE_SIGN_IDENTITY = "iPhone Developer";
				COPY_PHASE_STRIP = NO;
				DEBUG_INFORMATION_FORMAT = "dwarf-with-dsym";
				ENABLE_NS_ASSERTIONS = NO;
				ENABLE_STRICT_OBJC_MSGSEND = YES;
				GCC_C_LANGUAGE_STANDARD = gnu11;
				GCC_NO_COMMON_BLOCKS = YES;
				GCC_WARN_64_TO_32_BIT_CONVERSION = YES;
				GCC_WARN_ABOUT_RETURN_TYPE = YES_ERROR;
				GCC_WARN_UNDECLARED_SELECTOR = YES;
				GCC_WARN_UNINITIALIZED_AUTOS = YES_AGGRESSIVE;
				GCC_WARN_UNUSED_FUNCTION = YES;
				GCC_WARN_UNUSED_VARIABLE = YES;
				IPHONEOS_DEPLOYMENT_TARGET = 11.4;
				MTL_ENABLE_DEBUG_INFO = NO;
				SDKROOT = iphoneos;
				SWIFT_COMPILATION_MODE = wholemodule;
				SWIFT_OPTIMIZATION_LEVEL = "-O";
				VALIDATE_PRODUCT = YES;
			};
			name = Release;
		};
		149F370120F9A3B500A50F91 /* Debug */ = {
			isa = XCBuildConfiguration;
			baseConfigurationReference = 0BDE3E59604BC043720AD6A2 /* Pods-Mosaic_iOS.debug.xcconfig */;
			buildSettings = {
				ASSETCATALOG_COMPILER_APPICON_NAME = AppIcon;
				CODE_SIGN_STYLE = Automatic;
				DEVELOPMENT_TEAM = 9BD2FZATPN;
				INFOPLIST_FILE = Mosaic_iOS/Info.plist;
				LD_RUNPATH_SEARCH_PATHS = (
					"$(inherited)",
					"@executable_path/Frameworks",
				);
				PRODUCT_BUNDLE_IDENTIFIER = "Zedd.Mosaic-iOS";
				PRODUCT_NAME = "$(TARGET_NAME)";
				SWIFT_VERSION = 4.0;
				TARGETED_DEVICE_FAMILY = "1,2";
			};
			name = Debug;
		};
		149F370220F9A3B500A50F91 /* Release */ = {
			isa = XCBuildConfiguration;
			baseConfigurationReference = 8DD62099ADB2724A4F9EE03C /* Pods-Mosaic_iOS.release.xcconfig */;
			buildSettings = {
				ASSETCATALOG_COMPILER_APPICON_NAME = AppIcon;
				CODE_SIGN_STYLE = Automatic;
				DEVELOPMENT_TEAM = 9BD2FZATPN;
				INFOPLIST_FILE = Mosaic_iOS/Info.plist;
				LD_RUNPATH_SEARCH_PATHS = (
					"$(inherited)",
					"@executable_path/Frameworks",
				);
				PRODUCT_BUNDLE_IDENTIFIER = "Zedd.Mosaic-iOS";
				PRODUCT_NAME = "$(TARGET_NAME)";
				SWIFT_VERSION = 4.0;
				TARGETED_DEVICE_FAMILY = "1,2";
			};
			name = Release;
		};
/* End XCBuildConfiguration section */

/* Begin XCConfigurationList section */
		149F36E920F9A3B400A50F91 /* Build configuration list for PBXProject "Mosaic_iOS" */ = {
			isa = XCConfigurationList;
			buildConfigurations = (
				149F36FE20F9A3B500A50F91 /* Debug */,
				149F36FF20F9A3B500A50F91 /* Release */,
			);
			defaultConfigurationIsVisible = 0;
			defaultConfigurationName = Release;
		};
		149F370020F9A3B500A50F91 /* Build configuration list for PBXNativeTarget "Mosaic_iOS" */ = {
			isa = XCConfigurationList;
			buildConfigurations = (
				149F370120F9A3B500A50F91 /* Debug */,
				149F370220F9A3B500A50F91 /* Release */,
			);
			defaultConfigurationIsVisible = 0;
			defaultConfigurationName = Release;
		};
/* End XCConfigurationList section */
	};
	rootObject = 149F36E620F9A3B400A50F91 /* Project object */;
}
